
Microsoft Visual Studio Solution File, Format Version 12.00
# Visual Studio 15
VisualStudioVersion = 15.0.28010.2036
MinimumVisualStudioVersion = 10.0.40219.1
Project("{8BC9CEB8-8B4A-11D0-8D11-00A0C91BC942}") = "Asyncmos", "Asyncmos\Asyncmos.vcxproj", "{3085910B-BE83-40FE-9F1C-49762E16C53D}"
EndProject
Global
	GlobalSection(SolutionConfigurationPlatforms) = preSolution
		Debug|x64 = Debug|x64
		Debug|x86 = Debug|x86
		Release|x64 = Release|x64
		Release|x86 = Release|x86
	EndGlobalSection
	GlobalSection(ProjectConfigurationPlatforms) = postSolution
		{3085910B-BE83-40FE-9F1C-49762E16C53D}.Debug|x64.ActiveCfg = Debug|x64
		{3085910B-BE83-40FE-9F1C-49762E16C53D}.Debug|x64.Build.0 = Debug|x64
		{3085910B-BE83-40FE-9F1C-49762E16C53D}.Debug|x86.ActiveCfg = Debug|Win32
		{3085910B-BE83-40FE-9F1C-49762E16C53D}.Debug|x86.Build.0 = Debug|Win32
		{3085910B-BE83-40FE-9F1C-49762E16C53D}.Release|x64.ActiveCfg = Release|x64
		{3085910B-BE83-40FE-9F1C-49762E16C53D}.Release|x64.Build.0 = Release|x64
		{3085910B-BE83-40FE-9F1C-49762E16C53D}.Release|x86.ActiveCfg = Release|Win32
		{3085910B-BE83-40FE-9F1C-49762E16C53D}.Release|x86.Build.0 = Release|Win32
	EndGlobalSection
	GlobalSection(SolutionProperties) = preSolution
		HideSolutionNode = FALSE
	EndGlobalSection
	GlobalSection(ExtensibilityGlobals) = postSolution
		SolutionGuid = {087B24A6-0D24-4A65-8DED-03C7E4B8E067}
	EndGlobalSection
EndGlobal
